// !$*UTF8*$!
{
	archiveVersion = 1;
	classes = {
	};
	objectVersion = 77;
	objects = {

/* Begin PBXBuildFile section */
		062663E216F4946D6600D1CE /* AccountRankingTests.swift in Sources */ = {isa = PBXBuildFile; fileRef = 96C85B608B5A700CC8557EC2 /* AccountRankingTests.swift */; };
		0797784F1F471715624CA9CD /* AppLocaleTests.swift in Sources */ = {isa = PBXBuildFile; fileRef = A146C7576AB39EFCD658BFED /* AppLocaleTests.swift */; };
		08342AB5B372E5D6B5F1B73F /* RootScene.swift in Sources */ = {isa = PBXBuildFile; fileRef = AF3990C942090A68CBEDDDE1 /* RootScene.swift */; };
		08E6BB21C1E6371C4D7C56A9 /* AccountsCoordinator.swift in Sources */ = {isa = PBXBuildFile; fileRef = 975800F0AD21824941F02AD3 /* AccountsCoordinator.swift */; };
		0A10C10A0A10C10A0A10C101 /* AccountIdentity.swift in Sources */ = {isa = PBXBuildFile; fileRef = 0A10C10A0A10C10A0A10C100 /* AccountIdentity.swift */; };
		0CC97446577263889F1C8A0C /* SystemDateProvider.swift in Sources */ = {isa = PBXBuildFile; fileRef = 962E931E377964D0704D3809 /* SystemDateProvider.swift */; };
		137463A0132E4160501DD2AC /* StoreFileRepositoryTests.swift in Sources */ = {isa = PBXBuildFile; fileRef = DF11B93A2C05CC3B851D671A /* StoreFileRepositoryTests.swift */; };
		137463A0132E4160501DD2AD /* AccountCardPresentationTests.swift in Sources */ = {isa = PBXBuildFile; fileRef = A107A107A107A107A107A107 /* AccountCardPresentationTests.swift */; };
		137936A0518C78C5549E919E /* AccountsPageView.swift in Sources */ = {isa = PBXBuildFile; fileRef = 8B90210EB2AAD603950A607C /* AccountsPageView.swift */; };
		137936A0518C78C5549E919F /* AccountCardPresentation.swift in Sources */ = {isa = PBXBuildFile; fileRef = A101A101A101A101A101A101 /* AccountCardPresentation.swift */; };
		137936A0518C78C5549E91A0 /* AccountCardView.swift in Sources */ = {isa = PBXBuildFile; fileRef = A102A102A102A102A102A102 /* AccountCardView.swift */; };
		137936A0518C78C5549E91A1 /* AccountsPageControls.swift in Sources */ = {isa = PBXBuildFile; fileRef = A103A103A103A103A103A103 /* AccountsPageControls.swift */; };
		17D19163BCCA0B5770E5BDE0 /* LayoutRules.swift in Sources */ = {isa = PBXBuildFile; fileRef = ECE624821FB137E8DB3711AD /* LayoutRules.swift */; };
		17F4E9A12A114B1AA9D0E110 /* AccountsSnapshotFreshnessPolicy.swift in Sources */ = {isa = PBXBuildFile; fileRef = 17F4E9A12A114B1AA9D0E111 /* AccountsSnapshotFreshnessPolicy.swift */; };
		1FF5A858AFC00A862295F943 /* ProxyCoordinator.swift in Sources */ = {isa = PBXBuildFile; fileRef = 2843DB9CB43284AFB2E5A459 /* ProxyCoordinator.swift */; };
		2CA3BD709672017E7414EF48 /* SettingsCoordinator.swift in Sources */ = {isa = PBXBuildFile; fileRef = EBC562226CDA114F63F5E91A /* SettingsCoordinator.swift */; };
		39796A30063610AC0A5579C5 /* CodexSiloApp.swift in Sources */ = {isa = PBXBuildFile; fileRef = 673441EA643693821EED4FE6 /* CodexSiloApp.swift */; };
		4340388029808F096EA1D252 /* JSONValue.swift in Sources */ = {isa = PBXBuildFile; fileRef = 5000155760C69A6117DF5E08 /* JSONValue.swift */; };
		4353553A171096B9C9653258 /* LocalizationConsistencyTests.swift in Sources */ = {isa = PBXBuildFile; fileRef = 251BC10FF4D8538941CDC174 /* LocalizationConsistencyTests.swift */; };
		4389F9981E6B19B863CA31F9 /* Notice.swift in Sources */ = {isa = PBXBuildFile; fileRef = D593B8E21B1B66A64179E605 /* Notice.swift */; };
		4B444A88CAFD9D0E713B7D96 /* StoreFileRepository.swift in Sources */ = {isa = PBXBuildFile; fileRef = 2D0007E157CB217C0A6DD1E7 /* StoreFileRepository.swift */; };
		4C1FBCF5ADFC0A5FB2EF814E /* SwiftNativeProxyRuntimeService.swift in Sources */ = {isa = PBXBuildFile; fileRef = E072B2DEE9973F725135D145 /* SwiftNativeProxyRuntimeService.swift */; };
		4C2E52A903F7EAFC222BAA3B /* ProxyRuntimeLimits.swift in Sources */ = {isa = PBXBuildFile; fileRef = E4B63498B5FFF2C0A83946BF /* ProxyRuntimeLimits.swift */; };
		50922F8C48CF01B728AD262F /* LiquidProgressMetricsTests.swift in Sources */ = {isa = PBXBuildFile; fileRef = E6318743D5B32C4FA1244FAD /* LiquidProgressMetricsTests.swift */; };
		50A1E15C1EDB4A5C9E8D1120 /* AccountsSnapshotFreshnessPolicyTests.swift in Sources */ = {isa = PBXBuildFile; fileRef = 50A1E15C1EDB4A5C9E8D1121 /* AccountsSnapshotFreshnessPolicyTests.swift */; };
		53243CFFBC40F306DCE9ED45 /* AuthFileRepository.swift in Sources */ = {isa = PBXBuildFile; fileRef = 7296C82EB9955D9DB121C940 /* AuthFileRepository.swift */; };
		54F5A32512F8226641F0655E /* AccountsPageModel.swift in Sources */ = {isa = PBXBuildFile; fileRef = 6649CF1B9E1CA80D5522A9A6 /* AccountsPageModel.swift */; };
		6309AA260295ACA2C7F0E29B /* Models.swift in Sources */ = {isa = PBXBuildFile; fileRef = E4162DC26A19B885777C3431 /* Models.swift */; };
		634D954799F1968A5D418EA2 /* SwiftNativeProxyRuntimeServiceTests.swift in Sources */ = {isa = PBXBuildFile; fileRef = 1302CF1943B5AEB08D667C6E /* SwiftNativeProxyRuntimeServiceTests.swift */; };
		63EF6C5310182A8B5DB70D66 /* OpenAIChatGPTOAuthLoginService.swift in Sources */ = {isa = PBXBuildFile; fileRef = C4F7246044D6E322F548D954 /* OpenAIChatGPTOAuthLoginService.swift */; };
		67FEEA1796F9BC33A0D57CF6 /* SettingsPageModel.swift in Sources */ = {isa = PBXBuildFile; fileRef = DBF9C8262357FD7DC9AA4855 /* SettingsPageModel.swift */; };
		6DE41EF6F476912C967CF60D /* ViewState.swift in Sources */ = {isa = PBXBuildFile; fileRef = C36FDB8D2542926806D5B265 /* ViewState.swift */; };
		75C5CBC7206160F013685830 /* GitHubUpdateService.swift in Sources */ = {isa = PBXBuildFile; fileRef = 2E875E904D3ADACBDBF66C1D /* GitHubUpdateService.swift */; };
		7614A610947D7CB86C7CDF9C /* SimpleHTTPServer.swift in Sources */ = {isa = PBXBuildFile; fileRef = 1E9DBE99B4528C42CED746B8 /* SimpleHTTPServer.swift */; };
		77F129ACAC53652FC1D928BB /* CodexSilo.icon in Resources */ = {isa = PBXBuildFile; fileRef = 97D79696C6A34BCD8B3C05C1 /* CodexSilo.icon */; };
		7F539ED7076B2EA02CB6788C /* Protocols.swift in Sources */ = {isa = PBXBuildFile; fileRef = 42479015F84989E486D80B6E /* Protocols.swift */; };
		8569AB77E801277DA501BD46 /* UsageWindowSelector.swift in Sources */ = {isa = PBXBuildFile; fileRef = 5F5229A7F5573D51E6740E23 /* UsageWindowSelector.swift */; };
		8E1F5360E158E01D0A36046D /* Localizable.strings in Resources */ = {isa = PBXBuildFile; fileRef = B200F10CE9F433B769723734 /* Localizable.strings */; };
		92F681D52C5A373D81950C05 /* AuthFileRepositoryTests.swift in Sources */ = {isa = PBXBuildFile; fileRef = 1659877DCD8B9150D665ED12 /* AuthFileRepositoryTests.swift */; };
		93F291DBC9FD57E847EB6519 /* AppLocale.swift in Sources */ = {isa = PBXBuildFile; fileRef = 28E2CF5AE0B544874B721FCC /* AppLocale.swift */; };
		98E465C8F8BAA05142221C0D /* ProxyPageModelTests.swift in Sources */ = {isa = PBXBuildFile; fileRef = F5B56AEDF3689EA6421720B2 /* ProxyPageModelTests.swift */; };
		9BE1D9951912C722CF37BC67 /* SettingsPageView.swift in Sources */ = {isa = PBXBuildFile; fileRef = B7B61BD243C65F84D47C5E07 /* SettingsPageView.swift */; };
		9F3B31646881F65BD82BC5C9 /* UpdateCoordinator.swift in Sources */ = {isa = PBXBuildFile; fileRef = 9D3340D9F24E63B0B31749E2 /* UpdateCoordinator.swift */; };
		A39DE0252B7DE1B089DB14D1 /* AppContainer.swift in Sources */ = {isa = PBXBuildFile; fileRef = 4DEC342D5FDC9541EA737668 /* AppContainer.swift */; };
		A7144A42D2FC21D789B3FB49 /* AppError.swift in Sources */ = {isa = PBXBuildFile; fileRef = 8644DF48AF768B1D855A3404 /* AppError.swift */; };
		A9BC31EC4BA9427A9F554D41 /* ChatGPTBaseOriginResolver.swift in Sources */ = {isa = PBXBuildFile; fileRef = 1856A9A4C1A74A8AA16A8B11 /* ChatGPTBaseOriginResolver.swift */; };
		ABCD1234EF567890ABCD1235 /* LocalizedDateFormatterCache.swift in Sources */ = {isa = PBXBuildFile; fileRef = ABCD1234EF567890ABCD1234 /* LocalizedDateFormatterCache.swift */; };
		AEEEE6E52FAC04AFF97354C1 /* ProxyPageModel.swift in Sources */ = {isa = PBXBuildFile; fileRef = D42AE96D25E97F39B6AAB9A8 /* ProxyPageModel.swift */; };
		AEEEE6E52FAC04AFF97354C2 /* ProxySectionViews.swift in Sources */ = {isa = PBXBuildFile; fileRef = A104A104A104A104A104A104 /* ProxySectionViews.swift */; };
		B02FB96AC2AA18DA0EE1FE21 /* AppSettingsCodableTests.swift in Sources */ = {isa = PBXBuildFile; fileRef = 615AE055972ED222439110F8 /* AppSettingsCodableTests.swift */; };
		BA5B276B09B95CA7284CDFA2 /* PlatformCapabilities.swift in Sources */ = {isa = PBXBuildFile; fileRef = 1928844F787DAA8E86F1AE1A /* PlatformCapabilities.swift */; };
		BAA8370E04EE38AD6F28F62E /* NoticeBanner.swift in Sources */ = {isa = PBXBuildFile; fileRef = 5C4EB189FA13DC18FA698AFB /* NoticeBanner.swift */; };
		BB02DFA1719016AB591B43B5 /* L10n.swift in Sources */ = {isa = PBXBuildFile; fileRef = 315E6E562A9376AB6D34B744 /* L10n.swift */; };
		C0040E924E495A9B4DCF7EBE /* EmptyStateView.swift in Sources */ = {isa = PBXBuildFile; fileRef = 3692DEACD953D34AF240F6ED /* EmptyStateView.swift */; };
		C1689CF8BC0D6EBC84B515ED /* AccountsCoordinatorTests.swift in Sources */ = {isa = PBXBuildFile; fileRef = 85BEA62E5EB96361AD117627 /* AccountsCoordinatorTests.swift */; };
		D0611DC1C82F7B37B8D91040 /* ProxyPageView.swift in Sources */ = {isa = PBXBuildFile; fileRef = D3AE6ECBCE990356DEB5BBE0 /* ProxyPageView.swift */; };
		D0611DC1C82F7B37B8D91041 /* PlatformClipboard.swift in Sources */ = {isa = PBXBuildFile; fileRef = A105A105A105A105A105A105 /* PlatformClipboard.swift */; };
		D0D721335F066D21AAAD652D /* FileSystemPaths.swift in Sources */ = {isa = PBXBuildFile; fileRef = 1D518BC8C9103B4FD9C16B27 /* FileSystemPaths.swift */; };
		D41A90108E94AFB1E9B1A818 /* VersionComparatorTests.swift in Sources */ = {isa = PBXBuildFile; fileRef = 54BDCA2C85944483297EEA6B /* VersionComparatorTests.swift */; };
		D54AF4961D9E393B51DACD16 /* LaunchAtStartupService.swift in Sources */ = {isa = PBXBuildFile; fileRef = BCFDDF034C6446339DDFAF9B /* LaunchAtStartupService.swift */; };
		D6276568AD61117EBF6A0BDF /* SectionCard.swift in Sources */ = {isa = PBXBuildFile; fileRef = 54944E5E848D062E524900CF /* SectionCard.swift */; };
		D8E9A97C6D5050567CA56736 /* TrayMenuModel.swift in Sources */ = {isa = PBXBuildFile; fileRef = 88EA6ECB13116EC2FBC3C384 /* TrayMenuModel.swift */; };
		DCD28B83E4C2D0294C831627 /* AccountRanking.swift in Sources */ = {isa = PBXBuildFile; fileRef = 0FBDA86A5354BD9FDCE671A2 /* AccountRanking.swift */; };
		E11DCC850FA489BD46094EE0 /* UsageWindowSelectorTests.swift in Sources */ = {isa = PBXBuildFile; fileRef = C10E7339F7656FE20240B3B8 /* UsageWindowSelectorTests.swift */; };
		F9EF59A32F7133BE005E988A /* icon.svg in Resources */ = {isa = PBXBuildFile; fileRef = F9EF59A22F7133BE005E988A /* icon.svg */; };
		F9EF59A52F7137FE005E988A /* app_icon.png in Resources */ = {isa = PBXBuildFile; fileRef = F9EF59A42F7137FE005E988A /* app_icon.png */; };
		FA624CCECA28D7F68B1C0FF8 /* DefaultUsageService.swift in Sources */ = {isa = PBXBuildFile; fileRef = 2DD2673A9712C55D302564FA /* DefaultUsageService.swift */; };
		FA836AB28B6E7F72C253A49F /* AppVersion.swift in Sources */ = {isa = PBXBuildFile; fileRef = 38BD5BE0A332BCE32A46A463 /* AppVersion.swift */; };
		FA8F4B3E19ED4AA8B7740F31 /* DefaultWorkspaceMetadataService.swift in Sources */ = {isa = PBXBuildFile; fileRef = 95E85D9244A64A8BB6AB5F11 /* DefaultWorkspaceMetadataService.swift */; };
		FA8F4B3E19ED4AA8B7740F32 /* EndpointRequestCoordinator.swift in Sources */ = {isa = PBXBuildFile; fileRef = 26C8D1A13F4D46AAB7E2A110 /* EndpointRequestCoordinator.swift */; };
/* End PBXBuildFile section */

/* Begin PBXContainerItemProxy section */
		50768646937BD9B90C68256F /* PBXContainerItemProxy */ = {
			isa = PBXContainerItemProxy;
			containerPortal = 1C9F670E75F4E6A54634D42A /* Project object */;
			proxyType = 1;
			remoteGlobalIDString = FE992FA021F035BA671AB297;
			remoteInfo = CodexSilo;
		};
/* End PBXContainerItemProxy section */

/* Begin PBXFileReference section */
		01A60F9FBC201EBACCB9D21A /* zh-Hant */ = {isa = PBXFileReference; lastKnownFileType = text.plist.strings; name = "zh-Hant"; path = "zh-Hant.lproj/Localizable.strings"; sourceTree = "<group>"; };
		02F62FFF50C0BF2ECE9417EF /* zh-Hans */ = {isa = PBXFileReference; lastKnownFileType = text.plist.strings; name = "zh-Hans"; path = "zh-Hans.lproj/Localizable.strings"; sourceTree = "<group>"; };
		0A10C10A0A10C10A0A10C100 /* AccountIdentity.swift */ = {isa = PBXFileReference; lastKnownFileType = sourcecode.swift; path = AccountIdentity.swift; sourceTree = "<group>"; };
		0D6B2C3C5EE8C69065A4ACBE /* de */ = {isa = PBXFileReference; lastKnownFileType = text.plist.strings; name = de; path = de.lproj/Localizable.strings; sourceTree = "<group>"; };
		0FBDA86A5354BD9FDCE671A2 /* AccountRanking.swift */ = {isa = PBXFileReference; lastKnownFileType = sourcecode.swift; path = AccountRanking.swift; sourceTree = "<group>"; };
		1302CF1943B5AEB08D667C6E /* SwiftNativeProxyRuntimeServiceTests.swift */ = {isa = PBXFileReference; lastKnownFileType = sourcecode.swift; path = SwiftNativeProxyRuntimeServiceTests.swift; sourceTree = "<group>"; };
		1659877DCD8B9150D665ED12 /* AuthFileRepositoryTests.swift */ = {isa = PBXFileReference; lastKnownFileType = sourcecode.swift; path = AuthFileRepositoryTests.swift; sourceTree = "<group>"; };
		17F4E9A12A114B1AA9D0E111 /* AccountsSnapshotFreshnessPolicy.swift */ = {isa = PBXFileReference; lastKnownFileType = sourcecode.swift; path = AccountsSnapshotFreshnessPolicy.swift; sourceTree = "<group>"; };
		1856A9A4C1A74A8AA16A8B11 /* ChatGPTBaseOriginResolver.swift */ = {isa = PBXFileReference; lastKnownFileType = sourcecode.swift; path = ChatGPTBaseOriginResolver.swift; sourceTree = "<group>"; };
		1928844F787DAA8E86F1AE1A /* PlatformCapabilities.swift */ = {isa = PBXFileReference; lastKnownFileType = sourcecode.swift; path = PlatformCapabilities.swift; sourceTree = "<group>"; };
		1D518BC8C9103B4FD9C16B27 /* FileSystemPaths.swift */ = {isa = PBXFileReference; lastKnownFileType = sourcecode.swift; path = FileSystemPaths.swift; sourceTree = "<group>"; };
		1E9DBE99B4528C42CED746B8 /* SimpleHTTPServer.swift */ = {isa = PBXFileReference; lastKnownFileType = sourcecode.swift; path = SimpleHTTPServer.swift; sourceTree = "<group>"; };
		251BC10FF4D8538941CDC174 /* LocalizationConsistencyTests.swift */ = {isa = PBXFileReference; lastKnownFileType = sourcecode.swift; path = LocalizationConsistencyTests.swift; sourceTree = "<group>"; };
		26C8D1A13F4D46AAB7E2A110 /* EndpointRequestCoordinator.swift */ = {isa = PBXFileReference; lastKnownFileType = sourcecode.swift; path = EndpointRequestCoordinator.swift; sourceTree = "<group>"; };
		2843DB9CB43284AFB2E5A459 /* ProxyCoordinator.swift */ = {isa = PBXFileReference; lastKnownFileType = sourcecode.swift; path = ProxyCoordinator.swift; sourceTree = "<group>"; };
		28E2CF5AE0B544874B721FCC /* AppLocale.swift */ = {isa = PBXFileReference; lastKnownFileType = sourcecode.swift; path = AppLocale.swift; sourceTree = "<group>"; };
		2D0007E157CB217C0A6DD1E7 /* StoreFileRepository.swift */ = {isa = PBXFileReference; lastKnownFileType = sourcecode.swift; path = StoreFileRepository.swift; sourceTree = "<group>"; };
		2DD2673A9712C55D302564FA /* DefaultUsageService.swift */ = {isa = PBXFileReference; lastKnownFileType = sourcecode.swift; path = DefaultUsageService.swift; sourceTree = "<group>"; };
		2E875E904D3ADACBDBF66C1D /* GitHubUpdateService.swift */ = {isa = PBXFileReference; lastKnownFileType = sourcecode.swift; path = GitHubUpdateService.swift; sourceTree = "<group>"; };
		315E6E562A9376AB6D34B744 /* L10n.swift */ = {isa = PBXFileReference; lastKnownFileType = sourcecode.swift; path = L10n.swift; sourceTree = "<group>"; };
		3692DEACD953D34AF240F6ED /* EmptyStateView.swift */ = {isa = PBXFileReference; lastKnownFileType = sourcecode.swift; path = EmptyStateView.swift; sourceTree = "<group>"; };
		38BD5BE0A332BCE32A46A463 /* AppVersion.swift */ = {isa = PBXFileReference; lastKnownFileType = sourcecode.swift; path = AppVersion.swift; sourceTree = "<group>"; };
		42479015F84989E486D80B6E /* Protocols.swift */ = {isa = PBXFileReference; lastKnownFileType = sourcecode.swift; path = Protocols.swift; sourceTree = "<group>"; };
		4DEC342D5FDC9541EA737668 /* AppContainer.swift */ = {isa = PBXFileReference; lastKnownFileType = sourcecode.swift; path = AppContainer.swift; sourceTree = "<group>"; };
		4FA2F993C0E37A53483FA175 /* it */ = {isa = PBXFileReference; lastKnownFileType = text.plist.strings; name = it; path = it.lproj/Localizable.strings; sourceTree = "<group>"; };
		5000155760C69A6117DF5E08 /* JSONValue.swift */ = {isa = PBXFileReference; lastKnownFileType = sourcecode.swift; path = JSONValue.swift; sourceTree = "<group>"; };
		50A1E15C1EDB4A5C9E8D1121 /* AccountsSnapshotFreshnessPolicyTests.swift */ = {isa = PBXFileReference; lastKnownFileType = sourcecode.swift; path = AccountsSnapshotFreshnessPolicyTests.swift; sourceTree = "<group>"; };
		54944E5E848D062E524900CF /* SectionCard.swift */ = {isa = PBXFileReference; lastKnownFileType = sourcecode.swift; path = SectionCard.swift; sourceTree = "<group>"; };
		54BDCA2C85944483297EEA6B /* VersionComparatorTests.swift */ = {isa = PBXFileReference; lastKnownFileType = sourcecode.swift; path = VersionComparatorTests.swift; sourceTree = "<group>"; };
		5C4EB189FA13DC18FA698AFB /* NoticeBanner.swift */ = {isa = PBXFileReference; lastKnownFileType = sourcecode.swift; path = NoticeBanner.swift; sourceTree = "<group>"; };
		5F5229A7F5573D51E6740E23 /* UsageWindowSelector.swift */ = {isa = PBXFileReference; lastKnownFileType = sourcecode.swift; path = UsageWindowSelector.swift; sourceTree = "<group>"; };
		615AE055972ED222439110F8 /* AppSettingsCodableTests.swift */ = {isa = PBXFileReference; lastKnownFileType = sourcecode.swift; path = AppSettingsCodableTests.swift; sourceTree = "<group>"; };
		6649CF1B9E1CA80D5522A9A6 /* AccountsPageModel.swift */ = {isa = PBXFileReference; lastKnownFileType = sourcecode.swift; path = AccountsPageModel.swift; sourceTree = "<group>"; };
		673441EA643693821EED4FE6 /* CodexSiloApp.swift */ = {isa = PBXFileReference; lastKnownFileType = sourcecode.swift; path = CodexSiloApp.swift; sourceTree = "<group>"; };
		6F7773BF15842584806B0A84 /* ru */ = {isa = PBXFileReference; lastKnownFileType = text.plist.strings; name = ru; path = ru.lproj/Localizable.strings; sourceTree = "<group>"; };
		7296C82EB9955D9DB121C940 /* AuthFileRepository.swift */ = {isa = PBXFileReference; lastKnownFileType = sourcecode.swift; path = AuthFileRepository.swift; sourceTree = "<group>"; };
		7AA20CF2CE8BAE80E1447086 /* en */ = {isa = PBXFileReference; lastKnownFileType = text.plist.strings; name = en; path = en.lproj/Localizable.strings; sourceTree = "<group>"; };
		85BEA62E5EB96361AD117627 /* AccountsCoordinatorTests.swift */ = {isa = PBXFileReference; lastKnownFileType = sourcecode.swift; path = AccountsCoordinatorTests.swift; sourceTree = "<group>"; };
		8644DF48AF768B1D855A3404 /* AppError.swift */ = {isa = PBXFileReference; lastKnownFileType = sourcecode.swift; path = AppError.swift; sourceTree = "<group>"; };
		88EA6ECB13116EC2FBC3C384 /* TrayMenuModel.swift */ = {isa = PBXFileReference; lastKnownFileType = sourcecode.swift; path = TrayMenuModel.swift; sourceTree = "<group>"; };
		8B90210EB2AAD603950A607C /* AccountsPageView.swift */ = {isa = PBXFileReference; lastKnownFileType = sourcecode.swift; path = AccountsPageView.swift; sourceTree = "<group>"; };
		90255D0425196173B702CB66 /* CodexSiloTests.xctest */ = {isa = PBXFileReference; explicitFileType = wrapper.cfbundle; includeInIndex = 0; path = CodexSiloTests.xctest; sourceTree = BUILT_PRODUCTS_DIR; };
		9090C039D079FF4CE2D888F7 /* ko */ = {isa = PBXFileReference; lastKnownFileType = text.plist.strings; name = ko; path = ko.lproj/Localizable.strings; sourceTree = "<group>"; };
		95E85D9244A64A8BB6AB5F11 /* DefaultWorkspaceMetadataService.swift */ = {isa = PBXFileReference; lastKnownFileType = sourcecode.swift; path = DefaultWorkspaceMetadataService.swift; sourceTree = "<group>"; };
		962E931E377964D0704D3809 /* SystemDateProvider.swift */ = {isa = PBXFileReference; lastKnownFileType = sourcecode.swift; path = SystemDateProvider.swift; sourceTree = "<group>"; };
		96C85B608B5A700CC8557EC2 /* AccountRankingTests.swift */ = {isa = PBXFileReference; lastKnownFileType = sourcecode.swift; path = AccountRankingTests.swift; sourceTree = "<group>"; };
		975800F0AD21824941F02AD3 /* AccountsCoordinator.swift */ = {isa = PBXFileReference; lastKnownFileType = sourcecode.swift; path = AccountsCoordinator.swift; sourceTree = "<group>"; };
		97D79696C6A34BCD8B3C05C1 /* CodexSilo.icon */ = {isa = PBXFileReference; lastKnownFileType = wrapper.icon; path = CodexSilo.icon; sourceTree = "<group>"; };
		9A29E078EE5498D6C73925F4 /* ja */ = {isa = PBXFileReference; lastKnownFileType = text.plist.strings; name = ja; path = ja.lproj/Localizable.strings; sourceTree = "<group>"; };
		9D3340D9F24E63B0B31749E2 /* UpdateCoordinator.swift */ = {isa = PBXFileReference; lastKnownFileType = sourcecode.swift; path = UpdateCoordinator.swift; sourceTree = "<group>"; };
		A101A101A101A101A101A101 /* AccountCardPresentation.swift */ = {isa = PBXFileReference; lastKnownFileType = sourcecode.swift; path = AccountCardPresentation.swift; sourceTree = "<group>"; };
		A102A102A102A102A102A102 /* AccountCardView.swift */ = {isa = PBXFileReference; lastKnownFileType = sourcecode.swift; path = AccountCardView.swift; sourceTree = "<group>"; };
		A103A103A103A103A103A103 /* AccountsPageControls.swift */ = {isa = PBXFileReference; lastKnownFileType = sourcecode.swift; path = AccountsPageControls.swift; sourceTree = "<group>"; };
		A104A104A104A104A104A104 /* ProxySectionViews.swift */ = {isa = PBXFileReference; lastKnownFileType = sourcecode.swift; path = ProxySectionViews.swift; sourceTree = "<group>"; };
		A105A105A105A105A105A105 /* PlatformClipboard.swift */ = {isa = PBXFileReference; lastKnownFileType = sourcecode.swift; path = PlatformClipboard.swift; sourceTree = "<group>"; };
		A107A107A107A107A107A107 /* AccountCardPresentationTests.swift */ = {isa = PBXFileReference; lastKnownFileType = sourcecode.swift; path = AccountCardPresentationTests.swift; sourceTree = "<group>"; };
		A146C7576AB39EFCD658BFED /* AppLocaleTests.swift */ = {isa = PBXFileReference; lastKnownFileType = sourcecode.swift; path = AppLocaleTests.swift; sourceTree = "<group>"; };
		A1DA670CD43B2B655D3DEE57 /* fr */ = {isa = PBXFileReference; lastKnownFileType = text.plist.strings; name = fr; path = fr.lproj/Localizable.strings; sourceTree = "<group>"; };
		A4646C4F038F28A5B638A6FB /* CodexSilo.app */ = {isa = PBXFileReference; explicitFileType = wrapper.application; includeInIndex = 0; path = CodexSilo.app; sourceTree = BUILT_PRODUCTS_DIR; };
		ABCD1234EF567890ABCD1234 /* LocalizedDateFormatterCache.swift */ = {isa = PBXFileReference; lastKnownFileType = sourcecode.swift; path = LocalizedDateFormatterCache.swift; sourceTree = "<group>"; };
		AF3990C942090A68CBEDDDE1 /* RootScene.swift */ = {isa = PBXFileReference; lastKnownFileType = sourcecode.swift; path = RootScene.swift; sourceTree = "<group>"; };
		B7B61BD243C65F84D47C5E07 /* SettingsPageView.swift */ = {isa = PBXFileReference; lastKnownFileType = sourcecode.swift; path = SettingsPageView.swift; sourceTree = "<group>"; };
		BCFDDF034C6446339DDFAF9B /* LaunchAtStartupService.swift */ = {isa = PBXFileReference; lastKnownFileType = sourcecode.swift; path = LaunchAtStartupService.swift; sourceTree = "<group>"; };
		C10E7339F7656FE20240B3B8 /* UsageWindowSelectorTests.swift */ = {isa = PBXFileReference; lastKnownFileType = sourcecode.swift; path = UsageWindowSelectorTests.swift; sourceTree = "<group>"; };
		C36FDB8D2542926806D5B265 /* ViewState.swift */ = {isa = PBXFileReference; lastKnownFileType = sourcecode.swift; path = ViewState.swift; sourceTree = "<group>"; };
		C4F7246044D6E322F548D954 /* OpenAIChatGPTOAuthLoginService.swift */ = {isa = PBXFileReference; lastKnownFileType = sourcecode.swift; path = OpenAIChatGPTOAuthLoginService.swift; sourceTree = "<group>"; };
		D3AE6ECBCE990356DEB5BBE0 /* ProxyPageView.swift */ = {isa = PBXFileReference; lastKnownFileType = sourcecode.swift; path = ProxyPageView.swift; sourceTree = "<group>"; };
		D42AE96D25E97F39B6AAB9A8 /* ProxyPageModel.swift */ = {isa = PBXFileReference; lastKnownFileType = sourcecode.swift; path = ProxyPageModel.swift; sourceTree = "<group>"; };
		D593B8E21B1B66A64179E605 /* Notice.swift */ = {isa = PBXFileReference; lastKnownFileType = sourcecode.swift; path = Notice.swift; sourceTree = "<group>"; };
		DBF9C8262357FD7DC9AA4855 /* SettingsPageModel.swift */ = {isa = PBXFileReference; lastKnownFileType = sourcecode.swift; path = SettingsPageModel.swift; sourceTree = "<group>"; };
		DF11B93A2C05CC3B851D671A /* StoreFileRepositoryTests.swift */ = {isa = PBXFileReference; lastKnownFileType = sourcecode.swift; path = StoreFileRepositoryTests.swift; sourceTree = "<group>"; };
		E072B2DEE9973F725135D145 /* SwiftNativeProxyRuntimeService.swift */ = {isa = PBXFileReference; lastKnownFileType = sourcecode.swift; path = SwiftNativeProxyRuntimeService.swift; sourceTree = "<group>"; };
		E28E156763C3146AB652184A /* nl */ = {isa = PBXFileReference; lastKnownFileType = text.plist.strings; name = nl; path = nl.lproj/Localizable.strings; sourceTree = "<group>"; };
		E4162DC26A19B885777C3431 /* Models.swift */ = {isa = PBXFileReference; lastKnownFileType = sourcecode.swift; path = Models.swift; sourceTree = "<group>"; };
		E4B63498B5FFF2C0A83946BF /* ProxyRuntimeLimits.swift */ = {isa = PBXFileReference; lastKnownFileType = sourcecode.swift; path = ProxyRuntimeLimits.swift; sourceTree = "<group>"; };
		E6318743D5B32C4FA1244FAD /* LiquidProgressMetricsTests.swift */ = {isa = PBXFileReference; lastKnownFileType = sourcecode.swift; path = LiquidProgressMetricsTests.swift; sourceTree = "<group>"; };
		EBC562226CDA114F63F5E91A /* SettingsCoordinator.swift */ = {isa = PBXFileReference; lastKnownFileType = sourcecode.swift; path = SettingsCoordinator.swift; sourceTree = "<group>"; };
		ECE624821FB137E8DB3711AD /* LayoutRules.swift */ = {isa = PBXFileReference; lastKnownFileType = sourcecode.swift; path = LayoutRules.swift; sourceTree = "<group>"; };
		F00B169A84CCB2331F8DB75E /* es */ = {isa = PBXFileReference; lastKnownFileType = text.plist.strings; name = es; path = es.lproj/Localizable.strings; sourceTree = "<group>"; };
		F5B56AEDF3689EA6421720B2 /* ProxyPageModelTests.swift */ = {isa = PBXFileReference; lastKnownFileType = sourcecode.swift; path = ProxyPageModelTests.swift; sourceTree = "<group>"; };
		F9EF59A22F7133BE005E988A /* icon.svg */ = {isa = PBXFileReference; lastKnownFileType = text; path = icon.svg; sourceTree = "<group>"; };
		F9EF59A42F7137FE005E988A /* app_icon.png */ = {isa = PBXFileReference; lastKnownFileType = image.png; path = app_icon.png; sourceTree = "<group>"; };
/* End PBXFileReference section */

/* Begin PBXGroup section */
		07E61199B0F1DFC3059FE633 /* App */ = {
			isa = PBXGroup;
			children = (
				4DEC342D5FDC9541EA737668 /* AppContainer.swift */,
				38BD5BE0A332BCE32A46A463 /* AppVersion.swift */,
				AF3990C942090A68CBEDDDE1 /* RootScene.swift */,
				88EA6ECB13116EC2FBC3C384 /* TrayMenuModel.swift */,
			);
			path = App;
			sourceTree = "<group>";
		};
		111E7C58383670E4D051A403 /* Infrastructure */ = {
			isa = PBXGroup;
			children = (
				7296C82EB9955D9DB121C940 /* AuthFileRepository.swift */,
				1856A9A4C1A74A8AA16A8B11 /* ChatGPTBaseOriginResolver.swift */,
				2DD2673A9712C55D302564FA /* DefaultUsageService.swift */,
				95E85D9244A64A8BB6AB5F11 /* DefaultWorkspaceMetadataService.swift */,
				26C8D1A13F4D46AAB7E2A110 /* EndpointRequestCoordinator.swift */,
				1D518BC8C9103B4FD9C16B27 /* FileSystemPaths.swift */,
				2E875E904D3ADACBDBF66C1D /* GitHubUpdateService.swift */,
				BCFDDF034C6446339DDFAF9B /* LaunchAtStartupService.swift */,
				C4F7246044D6E322F548D954 /* OpenAIChatGPTOAuthLoginService.swift */,
				1E9DBE99B4528C42CED746B8 /* SimpleHTTPServer.swift */,
				2D0007E157CB217C0A6DD1E7 /* StoreFileRepository.swift */,
				E072B2DEE9973F725135D145 /* SwiftNativeProxyRuntimeService.swift */,
				962E931E377964D0704D3809 /* SystemDateProvider.swift */,
			);
			path = Infrastructure;
			sourceTree = "<group>";
		};
		13B9B7D065EC163864669F1E /* Behavior */ = {
			isa = PBXGroup;
			children = (
				0FBDA86A5354BD9FDCE671A2 /* AccountRanking.swift */,
				975800F0AD21824941F02AD3 /* AccountsCoordinator.swift */,
				17F4E9A12A114B1AA9D0E111 /* AccountsSnapshotFreshnessPolicy.swift */,
				2843DB9CB43284AFB2E5A459 /* ProxyCoordinator.swift */,
				EBC562226CDA114F63F5E91A /* SettingsCoordinator.swift */,
				9D3340D9F24E63B0B31749E2 /* UpdateCoordinator.swift */,
				5F5229A7F5573D51E6740E23 /* UsageWindowSelector.swift */,
			);
			path = Behavior;
			sourceTree = "<group>";
		};
		33C29BE5145DF4C16DE87958 /* CodexSilo */ = {
			isa = PBXGroup;
			children = (
				97D79696C6A34BCD8B3C05C1 /* CodexSilo.icon */,
				673441EA643693821EED4FE6 /* CodexSiloApp.swift */,
				07E61199B0F1DFC3059FE633 /* App */,
				13B9B7D065EC163864669F1E /* Behavior */,
				5FD8EC0D7CFA39F354A2D9B6 /* Domain */,
				9B7B3678D874ECC1464B23F5 /* Features */,
				111E7C58383670E4D051A403 /* Infrastructure */,
				FC4F13D34AE18456E8CBC452 /* Layout */,
				52D5EDE01F54F64772B354C1 /* Resources */,
				3B298936AB9E31995FC54DFA /* UI */,
			);
			path = CodexSilo;
			sourceTree = "<group>";
		};
		3B298936AB9E31995FC54DFA /* UI */ = {
			isa = PBXGroup;
			children = (
				3692DEACD953D34AF240F6ED /* EmptyStateView.swift */,
				ABCD1234EF567890ABCD1234 /* LocalizedDateFormatterCache.swift */,
				5C4EB189FA13DC18FA698AFB /* NoticeBanner.swift */,
				A105A105A105A105A105A105 /* PlatformClipboard.swift */,
				54944E5E848D062E524900CF /* SectionCard.swift */,
			);
			path = UI;
			sourceTree = "<group>";
		};
		52D5EDE01F54F64772B354C1 /* Resources */ = {
			isa = PBXGroup;
			children = (
				F9EF59A42F7137FE005E988A /* app_icon.png */,
				F9EF59A22F7133BE005E988A /* icon.svg */,
				B200F10CE9F433B769723734 /* Localizable.strings */,
			);
			path = Resources;
			sourceTree = "<group>";
		};
		596621B3395F4D9CF54DC584 /* Settings */ = {
			isa = PBXGroup;
			children = (
				DBF9C8262357FD7DC9AA4855 /* SettingsPageModel.swift */,
				B7B61BD243C65F84D47C5E07 /* SettingsPageView.swift */,
			);
			path = Settings;
			sourceTree = "<group>";
		};
		5C54B5BE2BF9D7A86FF3D780 /* Accounts */ = {
			isa = PBXGroup;
			children = (
				A101A101A101A101A101A101 /* AccountCardPresentation.swift */,
				A102A102A102A102A102A102 /* AccountCardView.swift */,
				6649CF1B9E1CA80D5522A9A6 /* AccountsPageModel.swift */,
				A103A103A103A103A103A103 /* AccountsPageControls.swift */,
				8B90210EB2AAD603950A607C /* AccountsPageView.swift */,
			);
			path = Accounts;
			sourceTree = "<group>";
		};
		5FD8EC0D7CFA39F354A2D9B6 /* Domain */ = {
			isa = PBXGroup;
			children = (
				0A10C10A0A10C10A0A10C100 /* AccountIdentity.swift */,
				8644DF48AF768B1D855A3404 /* AppError.swift */,
				28E2CF5AE0B544874B721FCC /* AppLocale.swift */,
				5000155760C69A6117DF5E08 /* JSONValue.swift */,
				315E6E562A9376AB6D34B744 /* L10n.swift */,
				E4162DC26A19B885777C3431 /* Models.swift */,
				D593B8E21B1B66A64179E605 /* Notice.swift */,
				1928844F787DAA8E86F1AE1A /* PlatformCapabilities.swift */,
				42479015F84989E486D80B6E /* Protocols.swift */,
				E4B63498B5FFF2C0A83946BF /* ProxyRuntimeLimits.swift */,
				C36FDB8D2542926806D5B265 /* ViewState.swift */,
			);
			path = Domain;
			sourceTree = "<group>";
		};
		61ABB665D8EEFB801496C8E0 /* Sources */ = {
			isa = PBXGroup;
			children = (
				33C29BE5145DF4C16DE87958 /* CodexSilo */,
			);
			path = Sources;
			sourceTree = "<group>";
		};
		62D87CB147F6D0BC723A7DF8 = {
			isa = PBXGroup;
			children = (
				61ABB665D8EEFB801496C8E0 /* Sources */,
				8457A8D504EDC45E06DCA711 /* Tests */,
				8734C8B1AE58B1A330F554D9 /* Products */,
			);
			sourceTree = "<group>";
		};
		8457A8D504EDC45E06DCA711 /* Tests */ = {
			isa = PBXGroup;
			children = (
				C9AC7B49928FE751CD24CA38 /* CodexSiloTests */,
			);
			path = Tests;
			sourceTree = "<group>";
		};
		8495462C524B0C9B515D2F1A /* Proxy */ = {
			isa = PBXGroup;
			children = (
				D42AE96D25E97F39B6AAB9A8 /* ProxyPageModel.swift */,
				D3AE6ECBCE990356DEB5BBE0 /* ProxyPageView.swift */,
				A104A104A104A104A104A104 /* ProxySectionViews.swift */,
			);
			path = Proxy;
			sourceTree = "<group>";
		};
		8734C8B1AE58B1A330F554D9 /* Products */ = {
			isa = PBXGroup;
			children = (
				A4646C4F038F28A5B638A6FB /* CodexSilo.app */,
				90255D0425196173B702CB66 /* CodexSiloTests.xctest */,
			);
			name = Products;
			sourceTree = "<group>";
		};
		9B7B3678D874ECC1464B23F5 /* Features */ = {
			isa = PBXGroup;
			children = (
				5C54B5BE2BF9D7A86FF3D780 /* Accounts */,
				8495462C524B0C9B515D2F1A /* Proxy */,
				596621B3395F4D9CF54DC584 /* Settings */,
			);
			path = Features;
			sourceTree = "<group>";
		};
		C9AC7B49928FE751CD24CA38 /* CodexSiloTests */ = {
			isa = PBXGroup;
			children = (
				A107A107A107A107A107A107 /* AccountCardPresentationTests.swift */,
				96C85B608B5A700CC8557EC2 /* AccountRankingTests.swift */,
				85BEA62E5EB96361AD117627 /* AccountsCoordinatorTests.swift */,
				50A1E15C1EDB4A5C9E8D1121 /* AccountsSnapshotFreshnessPolicyTests.swift */,
				A146C7576AB39EFCD658BFED /* AppLocaleTests.swift */,
				615AE055972ED222439110F8 /* AppSettingsCodableTests.swift */,
				1659877DCD8B9150D665ED12 /* AuthFileRepositoryTests.swift */,
				E6318743D5B32C4FA1244FAD /* LiquidProgressMetricsTests.swift */,
				251BC10FF4D8538941CDC174 /* LocalizationConsistencyTests.swift */,
				F5B56AEDF3689EA6421720B2 /* ProxyPageModelTests.swift */,
				DF11B93A2C05CC3B851D671A /* StoreFileRepositoryTests.swift */,
				1302CF1943B5AEB08D667C6E /* SwiftNativeProxyRuntimeServiceTests.swift */,
				C10E7339F7656FE20240B3B8 /* UsageWindowSelectorTests.swift */,
				54BDCA2C85944483297EEA6B /* VersionComparatorTests.swift */,
			);
			path = CodexSiloTests;
			sourceTree = "<group>";
		};
		FC4F13D34AE18456E8CBC452 /* Layout */ = {
			isa = PBXGroup;
			children = (
				ECE624821FB137E8DB3711AD /* LayoutRules.swift */,
			);
			path = Layout;
			sourceTree = "<group>";
		};
/* End PBXGroup section */

/* Begin PBXNativeTarget section */
		3EBBD4883F32E94097730AC9 /* CodexSiloTests */ = {
			isa = PBXNativeTarget;
			buildConfigurationList = E83C33B36F807C0A2EE9404F /* Build configuration list for PBXNativeTarget "CodexSiloTests" */;
			buildPhases = (
				56D6C0F0A9D6D6D527A367AF /* Sources */,
			);
			buildRules = (
			);
			dependencies = (
				391B2EF0CB77DBAF6F22B582 /* PBXTargetDependency */,
			);
			name = CodexSiloTests;
			packageProductDependencies = (
			);
			productName = CodexSiloTests;
			productReference = 90255D0425196173B702CB66 /* CodexSiloTests.xctest */;
			productType = "com.apple.product-type.bundle.unit-test";
		};
		FE992FA021F035BA671AB297 /* CodexSilo */ = {
			isa = PBXNativeTarget;
			buildConfigurationList = 4866ECE00666C9CD90B9649C /* Build configuration list for PBXNativeTarget "CodexSilo" */;
			buildPhases = (
				B5878CD9780E2ADEA4EC9D37 /* Sources */,
				D78B47AB5F9A1A8C8ACC3B11 /* Resources */,
			);
			buildRules = (
			);
			dependencies = (
			);
			name = CodexSilo;
			packageProductDependencies = (
			);
			productName = CodexSilo;
			productReference = A4646C4F038F28A5B638A6FB /* CodexSilo.app */;
			productType = "com.apple.product-type.application";
		};
/* End PBXNativeTarget section */

/* Begin PBXProject section */
		1C9F670E75F4E6A54634D42A /* Project object */ = {
			isa = PBXProject;
			attributes = {
				BuildIndependentTargetsInParallel = YES;
				LastUpgradeCheck = 2630;
				TargetAttributes = {
					FE992FA021F035BA671AB297 = {
						ProvisioningStyle = Automatic;
						SystemCapabilities = {
						};
					};
				};
			};
			buildConfigurationList = 5C39D8900AF171AF4FE72248 /* Build configuration list for PBXProject "CodexSilo" */;
			developmentRegion = en;
			hasScannedForEncodings = 0;
			knownRegions = (
				Base,
				de,
				en,
				es,
				fr,
				it,
				ja,
				ko,
				nl,
				ru,
				"zh-Hans",
				"zh-Hant",
			);
			mainGroup = 62D87CB147F6D0BC723A7DF8;
			minimizedProjectReferenceProxies = 1;
			preferredProjectObjectVersion = 77;
			productRefGroup = 8734C8B1AE58B1A330F554D9 /* Products */;
			projectDirPath = "";
			projectRoot = "";
			targets = (
				FE992FA021F035BA671AB297 /* CodexSilo */,
				3EBBD4883F32E94097730AC9 /* CodexSiloTests */,
			);
		};
/* End PBXProject section */

/* Begin PBXResourcesBuildPhase section */
		D78B47AB5F9A1A8C8ACC3B11 /* Resources */ = {
			isa = PBXResourcesBuildPhase;
			buildActionMask = 2147483647;
			files = (
				F9EF59A32F7133BE005E988A /* icon.svg in Resources */,
				77F129ACAC53652FC1D928BB /* CodexSilo.icon in Resources */,
				8E1F5360E158E01D0A36046D /* Localizable.strings in Resources */,
				F9EF59A52F7137FE005E988A /* app_icon.png in Resources */,
			);
			runOnlyForDeploymentPostprocessing = 0;
		};
/* End PBXResourcesBuildPhase section */

/* Begin PBXSourcesBuildPhase section */
		56D6C0F0A9D6D6D527A367AF /* Sources */ = {
			isa = PBXSourcesBuildPhase;
			buildActionMask = 2147483647;
			files = (
				062663E216F4946D6600D1CE /* AccountRankingTests.swift in Sources */,
				137463A0132E4160501DD2AD /* AccountCardPresentationTests.swift in Sources */,
				50A1E15C1EDB4A5C9E8D1120 /* AccountsSnapshotFreshnessPolicyTests.swift in Sources */,
				C1689CF8BC0D6EBC84B515ED /* AccountsCoordinatorTests.swift in Sources */,
				0797784F1F471715624CA9CD /* AppLocaleTests.swift in Sources */,
				B02FB96AC2AA18DA0EE1FE21 /* AppSettingsCodableTests.swift in Sources */,
				92F681D52C5A373D81950C05 /* AuthFileRepositoryTests.swift in Sources */,
				50922F8C48CF01B728AD262F /* LiquidProgressMetricsTests.swift in Sources */,
				4353553A171096B9C9653258 /* LocalizationConsistencyTests.swift in Sources */,
				98E465C8F8BAA05142221C0D /* ProxyPageModelTests.swift in Sources */,
				137463A0132E4160501DD2AC /* StoreFileRepositoryTests.swift in Sources */,
				634D954799F1968A5D418EA2 /* SwiftNativeProxyRuntimeServiceTests.swift in Sources */,
				E11DCC850FA489BD46094EE0 /* UsageWindowSelectorTests.swift in Sources */,
				D41A90108E94AFB1E9B1A818 /* VersionComparatorTests.swift in Sources */,
			);
			runOnlyForDeploymentPostprocessing = 0;
		};
		B5878CD9780E2ADEA4EC9D37 /* Sources */ = {
			isa = PBXSourcesBuildPhase;
			buildActionMask = 2147483647;
			files = (
				DCD28B83E4C2D0294C831627 /* AccountRanking.swift in Sources */,
				08E6BB21C1E6371C4D7C56A9 /* AccountsCoordinator.swift in Sources */,
				0A10C10A0A10C10A0A10C101 /* AccountIdentity.swift in Sources */,
				17F4E9A12A114B1AA9D0E110 /* AccountsSnapshotFreshnessPolicy.swift in Sources */,
				137936A0518C78C5549E919F /* AccountCardPresentation.swift in Sources */,
				137936A0518C78C5549E91A0 /* AccountCardView.swift in Sources */,
				54F5A32512F8226641F0655E /* AccountsPageModel.swift in Sources */,
				137936A0518C78C5549E91A1 /* AccountsPageControls.swift in Sources */,
				137936A0518C78C5549E919E /* AccountsPageView.swift in Sources */,
				A39DE0252B7DE1B089DB14D1 /* AppContainer.swift in Sources */,
				A7144A42D2FC21D789B3FB49 /* AppError.swift in Sources */,
				93F291DBC9FD57E847EB6519 /* AppLocale.swift in Sources */,
				FA836AB28B6E7F72C253A49F /* AppVersion.swift in Sources */,
				53243CFFBC40F306DCE9ED45 /* AuthFileRepository.swift in Sources */,
				A9BC31EC4BA9427A9F554D41 /* ChatGPTBaseOriginResolver.swift in Sources */,
				39796A30063610AC0A5579C5 /* CodexSiloApp.swift in Sources */,
				FA624CCECA28D7F68B1C0FF8 /* DefaultUsageService.swift in Sources */,
				FA8F4B3E19ED4AA8B7740F31 /* DefaultWorkspaceMetadataService.swift in Sources */,
				FA8F4B3E19ED4AA8B7740F32 /* EndpointRequestCoordinator.swift in Sources */,
				C0040E924E495A9B4DCF7EBE /* EmptyStateView.swift in Sources */,
				D0D721335F066D21AAAD652D /* FileSystemPaths.swift in Sources */,
				75C5CBC7206160F013685830 /* GitHubUpdateService.swift in Sources */,
				4340388029808F096EA1D252 /* JSONValue.swift in Sources */,
				BB02DFA1719016AB591B43B5 /* L10n.swift in Sources */,
				ABCD1234EF567890ABCD1235 /* LocalizedDateFormatterCache.swift in Sources */,
				D54AF4961D9E393B51DACD16 /* LaunchAtStartupService.swift in Sources */,
				17D19163BCCA0B5770E5BDE0 /* LayoutRules.swift in Sources */,
				6309AA260295ACA2C7F0E29B /* Models.swift in Sources */,
				4389F9981E6B19B863CA31F9 /* Notice.swift in Sources */,
				BAA8370E04EE38AD6F28F62E /* NoticeBanner.swift in Sources */,
				63EF6C5310182A8B5DB70D66 /* OpenAIChatGPTOAuthLoginService.swift in Sources */,
				BA5B276B09B95CA7284CDFA2 /* PlatformCapabilities.swift in Sources */,
				7F539ED7076B2EA02CB6788C /* Protocols.swift in Sources */,
				1FF5A858AFC00A862295F943 /* ProxyCoordinator.swift in Sources */,
				AEEEE6E52FAC04AFF97354C1 /* ProxyPageModel.swift in Sources */,
				D0611DC1C82F7B37B8D91040 /* ProxyPageView.swift in Sources */,
				AEEEE6E52FAC04AFF97354C2 /* ProxySectionViews.swift in Sources */,
				4C2E52A903F7EAFC222BAA3B /* ProxyRuntimeLimits.swift in Sources */,
				D0611DC1C82F7B37B8D91041 /* PlatformClipboard.swift in Sources */,
				08342AB5B372E5D6B5F1B73F /* RootScene.swift in Sources */,
				D6276568AD61117EBF6A0BDF /* SectionCard.swift in Sources */,
				2CA3BD709672017E7414EF48 /* SettingsCoordinator.swift in Sources */,
				67FEEA1796F9BC33A0D57CF6 /* SettingsPageModel.swift in Sources */,
				9BE1D9951912C722CF37BC67 /* SettingsPageView.swift in Sources */,
				7614A610947D7CB86C7CDF9C /* SimpleHTTPServer.swift in Sources */,
				4B444A88CAFD9D0E713B7D96 /* StoreFileRepository.swift in Sources */,
				4C1FBCF5ADFC0A5FB2EF814E /* SwiftNativeProxyRuntimeService.swift in Sources */,
				0CC97446577263889F1C8A0C /* SystemDateProvider.swift in Sources */,
				D8E9A97C6D5050567CA56736 /* TrayMenuModel.swift in Sources */,
				9F3B31646881F65BD82BC5C9 /* UpdateCoordinator.swift in Sources */,
				8569AB77E801277DA501BD46 /* UsageWindowSelector.swift in Sources */,
				6DE41EF6F476912C967CF60D /* ViewState.swift in Sources */,
			);
			runOnlyForDeploymentPostprocessing = 0;
		};
/* End PBXSourcesBuildPhase section */

/* Begin PBXTargetDependency section */
		391B2EF0CB77DBAF6F22B582 /* PBXTargetDependency */ = {
			isa = PBXTargetDependency;
			target = FE992FA021F035BA671AB297 /* CodexSilo */;
			targetProxy = 50768646937BD9B90C68256F /* PBXContainerItemProxy */;
		};
/* End PBXTargetDependency section */

/* Begin PBXVariantGroup section */
		B200F10CE9F433B769723734 /* Localizable.strings */ = {
			isa = PBXVariantGroup;
			children = (
				0D6B2C3C5EE8C69065A4ACBE /* de */,
				7AA20CF2CE8BAE80E1447086 /* en */,
				F00B169A84CCB2331F8DB75E /* es */,
				A1DA670CD43B2B655D3DEE57 /* fr */,
				4FA2F993C0E37A53483FA175 /* it */,
				9A29E078EE5498D6C73925F4 /* ja */,
				9090C039D079FF4CE2D888F7 /* ko */,
				E28E156763C3146AB652184A /* nl */,
				6F7773BF15842584806B0A84 /* ru */,
				02F62FFF50C0BF2ECE9417EF /* zh-Hans */,
				01A60F9FBC201EBACCB9D21A /* zh-Hant */,
			);
			name = Localizable.strings;
			sourceTree = "<group>";
		};
/* End PBXVariantGroup section */

/* Begin XCBuildConfiguration section */
		0C82CBDFE86F63E9A883DAF5 /* Release */ = {
			isa = XCBuildConfiguration;
			buildSettings = {
				ASSETCATALOG_COMPILER_APPICON_NAME = CodexSilo;
				AUTOMATION_APPLE_EVENTS = NO;
				CODE_SIGN_ENTITLEMENTS = CodexSilo.entitlements;
				CODE_SIGN_STYLE = Automatic;
				COMBINE_HIDPI_IMAGES = YES;
				CURRENT_PROJECT_VERSION = 1;
				DEAD_CODE_STRIPPING = YES;
				DEVELOPMENT_TEAM = WGK4N3VX88;
				ENABLE_HARDENED_RUNTIME = YES;
				ENABLE_RESOURCE_ACCESS_AUDIO_INPUT = NO;
				ENABLE_RESOURCE_ACCESS_CALENDARS = NO;
				ENABLE_RESOURCE_ACCESS_CAMERA = NO;
				ENABLE_RESOURCE_ACCESS_CONTACTS = NO;
				ENABLE_RESOURCE_ACCESS_LOCATION = NO;
				ENABLE_RESOURCE_ACCESS_PHOTO_LIBRARY = NO;
				GENERATE_INFOPLIST_FILE = YES;
				INFOPLIST_KEY_CFBundleDisplayName = CodexSilo;
				INFOPLIST_KEY_CFBundleName = CodexSilo;
				INFOPLIST_KEY_LSApplicationCategoryType = "public.app-category.utilities";
				INFOPLIST_KEY_LSMinimumSystemVersion = 14.0;
				INFOPLIST_KEY_LSUIElement = NO;
				LD_RUNPATH_SEARCH_PATHS = (
					"$(inherited)",
					"@executable_path/../Frameworks",
				);
				MACOSX_DEPLOYMENT_TARGET = 14.0;
				MARKETING_VERSION = 1.0.0;
				PRODUCT_BUNDLE_IDENTIFIER = com.jzen.codexsilo;
				PRODUCT_NAME = CodexSilo;
				RUNTIME_EXCEPTION_ALLOW_DYLD_ENVIRONMENT_VARIABLES = NO;
				RUNTIME_EXCEPTION_ALLOW_JIT = NO;
				RUNTIME_EXCEPTION_ALLOW_UNSIGNED_EXECUTABLE_MEMORY = NO;
				RUNTIME_EXCEPTION_DEBUGGING_TOOL = NO;
				RUNTIME_EXCEPTION_DISABLE_EXECUTABLE_PAGE_PROTECTION = NO;
				RUNTIME_EXCEPTION_DISABLE_LIBRARY_VALIDATION = NO;
				SDKROOT = macosx;
			};
			name = Release;
		};
		3FA9C1CC8AF190BFB35AEB0D /* Debug */ = {
			isa = XCBuildConfiguration;
			buildSettings = {
				ASSETCATALOG_COMPILER_APPICON_NAME = CodexSilo;
				AUTOMATION_APPLE_EVENTS = NO;
				CODE_SIGN_ENTITLEMENTS = CodexSilo.entitlements;
				CODE_SIGN_STYLE = Automatic;
				COMBINE_HIDPI_IMAGES = YES;
				CURRENT_PROJECT_VERSION = 1;
				DEAD_CODE_STRIPPING = YES;
				DEVELOPMENT_TEAM = WGK4N3VX88;
				ENABLE_HARDENED_RUNTIME = YES;
				ENABLE_RESOURCE_ACCESS_AUDIO_INPUT = NO;
				ENABLE_RESOURCE_ACCESS_CALENDARS = NO;
				ENABLE_RESOURCE_ACCESS_CAMERA = NO;
				ENABLE_RESOURCE_ACCESS_CONTACTS = NO;
				ENABLE_RESOURCE_ACCESS_LOCATION = NO;
				ENABLE_RESOURCE_ACCESS_PHOTO_LIBRARY = NO;
				GENERATE_INFOPLIST_FILE = YES;
				INFOPLIST_KEY_CFBundleDisplayName = CodexSilo;
				INFOPLIST_KEY_CFBundleName = CodexSilo;
				INFOPLIST_KEY_LSApplicationCategoryType = "public.app-category.utilities";
				INFOPLIST_KEY_LSMinimumSystemVersion = 14.0;
				INFOPLIST_KEY_LSUIElement = NO;
				LD_RUNPATH_SEARCH_PATHS = (
					"$(inherited)",
					"@executable_path/../Frameworks",
				);
				MACOSX_DEPLOYMENT_TARGET = 14.0;
				MARKETING_VERSION = 1.0.0;
				PRODUCT_BUNDLE_IDENTIFIER = com.jzen.codexsilo;
				PRODUCT_NAME = CodexSilo;
				RUNTIME_EXCEPTION_ALLOW_DYLD_ENVIRONMENT_VARIABLES = NO;
				RUNTIME_EXCEPTION_ALLOW_JIT = NO;
				RUNTIME_EXCEPTION_ALLOW_UNSIGNED_EXECUTABLE_MEMORY = NO;
				RUNTIME_EXCEPTION_DEBUGGING_TOOL = NO;
				RUNTIME_EXCEPTION_DISABLE_EXECUTABLE_PAGE_PROTECTION = NO;
				RUNTIME_EXCEPTION_DISABLE_LIBRARY_VALIDATION = NO;
				SDKROOT = macosx;
			};
			name = Debug;
		};
		48DD91B58CAE188E9436240D /* Release */ = {
			isa = XCBuildConfiguration;
			buildSettings = {
				BUNDLE_LOADER = "$(TEST_HOST)";
				CODE_SIGN_STYLE = Automatic;
				COMBINE_HIDPI_IMAGES = YES;
				DEAD_CODE_STRIPPING = YES;
				DEVELOPMENT_TEAM = KLU8GF65GP;
				GENERATE_INFOPLIST_FILE = YES;
				LD_RUNPATH_SEARCH_PATHS = (
					"$(inherited)",
					"@executable_path/../Frameworks",
					"@loader_path/../Frameworks",
				);
				MACOSX_DEPLOYMENT_TARGET = 14.0;
				SDKROOT = macosx;
				TEST_HOST = "$(BUILT_PRODUCTS_DIR)/CodexSilo.app/Contents/MacOS/CodexSilo";
			};
			name = Release;
		};
		AF366B1F672352A236576205 /* Debug */ = {
			isa = XCBuildConfiguration;
			buildSettings = {
				ALWAYS_SEARCH_USER_PATHS = NO;
				CLANG_ANALYZER_LOCALIZABILITY_NONLOCALIZED = YES;
				CLANG_ANALYZER_NONNULL = YES;
				CLANG_ANALYZER_NUMBER_OBJECT_CONVERSION = YES_AGGRESSIVE;
				CLANG_CXX_LANGUAGE_STANDARD = "gnu++14";
				CLANG_CXX_LIBRARY = "libc++";
				CLANG_ENABLE_MODULES = YES;
				CLANG_ENABLE_OBJC_ARC = YES;
				CLANG_ENABLE_OBJC_WEAK = YES;
				CLANG_WARN_BLOCK_CAPTURE_AUTORELEASING = YES;
				CLANG_WARN_BOOL_CONVERSION = YES;
				CLANG_WARN_COMMA = YES;
				CLANG_WARN_CONSTANT_CONVERSION = YES;
				CLANG_WARN_DEPRECATED_OBJC_IMPLEMENTATIONS = YES;
				CLANG_WARN_DIRECT_OBJC_ISA_USAGE = YES_ERROR;
				CLANG_WARN_DOCUMENTATION_COMMENTS = YES;
				CLANG_WARN_EMPTY_BODY = YES;
				CLANG_WARN_ENUM_CONVERSION = YES;
				CLANG_WARN_INFINITE_RECURSION = YES;
				CLANG_WARN_INT_CONVERSION = YES;
				CLANG_WARN_NON_LITERAL_NULL_CONVERSION = YES;
				CLANG_WARN_OBJC_IMPLICIT_RETAIN_SELF = YES;
				CLANG_WARN_OBJC_LITERAL_CONVERSION = YES;
				CLANG_WARN_OBJC_ROOT_CLASS = YES_ERROR;
				CLANG_WARN_QUOTED_INCLUDE_IN_FRAMEWORK_HEADER = YES;
				CLANG_WARN_RANGE_LOOP_ANALYSIS = YES;
				CLANG_WARN_STRICT_PROTOTYPES = YES;
				CLANG_WARN_SUSPICIOUS_MOVE = YES;
				CLANG_WARN_UNGUARDED_AVAILABILITY = YES_AGGRESSIVE;
				CLANG_WARN_UNREACHABLE_CODE = YES;
				CLANG_WARN__DUPLICATE_METHOD_MATCH = YES;
				COPY_PHASE_STRIP = NO;
				DEAD_CODE_STRIPPING = YES;
				DEBUG_INFORMATION_FORMAT = dwarf;
				ENABLE_STRICT_OBJC_MSGSEND = YES;
				ENABLE_TESTABILITY = YES;
				ENABLE_USER_SCRIPT_SANDBOXING = YES;
				GCC_C_LANGUAGE_STANDARD = gnu11;
				GCC_DYNAMIC_NO_PIC = NO;
				GCC_NO_COMMON_BLOCKS = YES;
				GCC_OPTIMIZATION_LEVEL = 0;
				GCC_PREPROCESSOR_DEFINITIONS = (
					"$(inherited)",
					"DEBUG=1",
				);
				GCC_WARN_64_TO_32_BIT_CONVERSION = YES;
				GCC_WARN_ABOUT_RETURN_TYPE = YES_ERROR;
				GCC_WARN_UNDECLARED_SELECTOR = YES;
				GCC_WARN_UNINITIALIZED_AUTOS = YES_AGGRESSIVE;
				GCC_WARN_UNUSED_FUNCTION = YES;
				GCC_WARN_UNUSED_VARIABLE = YES;
				MACOSX_DEPLOYMENT_TARGET = 14.0;
				MTL_ENABLE_DEBUG_INFO = INCLUDE_SOURCE;
				MTL_FAST_MATH = YES;
				ONLY_ACTIVE_ARCH = YES;
				PRODUCT_NAME = "$(TARGET_NAME)";
				STRING_CATALOG_GENERATE_SYMBOLS = YES;
				SWIFT_ACTIVE_COMPILATION_CONDITIONS = DEBUG;
				SWIFT_OPTIMIZATION_LEVEL = "-Onone";
				SWIFT_VERSION = 6.0;
			};
			name = Debug;
		};
		C4C19FD69ACC8FE9C3260439 /* Release */ = {
			isa = XCBuildConfiguration;
			buildSettings = {
				ALWAYS_SEARCH_USER_PATHS = NO;
				CLANG_ANALYZER_LOCALIZABILITY_NONLOCALIZED = YES;
				CLANG_ANALYZER_NONNULL = YES;
				CLANG_ANALYZER_NUMBER_OBJECT_CONVERSION = YES_AGGRESSIVE;
				CLANG_CXX_LANGUAGE_STANDARD = "gnu++14";
				CLANG_CXX_LIBRARY = "libc++";
				CLANG_ENABLE_MODULES = YES;
				CLANG_ENABLE_OBJC_ARC = YES;
				CLANG_ENABLE_OBJC_WEAK = YES;
				CLANG_WARN_BLOCK_CAPTURE_AUTORELEASING = YES;
				CLANG_WARN_BOOL_CONVERSION = YES;
				CLANG_WARN_COMMA = YES;
				CLANG_WARN_CONSTANT_CONVERSION = YES;
				CLANG_WARN_DEPRECATED_OBJC_IMPLEMENTATIONS = YES;
				CLANG_WARN_DIRECT_OBJC_ISA_USAGE = YES_ERROR;
				CLANG_WARN_DOCUMENTATION_COMMENTS = YES;
				CLANG_WARN_EMPTY_BODY = YES;
				CLANG_WARN_ENUM_CONVERSION = YES;
				CLANG_WARN_INFINITE_RECURSION = YES;
				CLANG_WARN_INT_CONVERSION = YES;
				CLANG_WARN_NON_LITERAL_NULL_CONVERSION = YES;
				CLANG_WARN_OBJC_IMPLICIT_RETAIN_SELF = YES;
				CLANG_WARN_OBJC_LITERAL_CONVERSION = YES;
				CLANG_WARN_OBJC_ROOT_CLASS = YES_ERROR;
				CLANG_WARN_QUOTED_INCLUDE_IN_FRAMEWORK_HEADER = YES;
				CLANG_WARN_RANGE_LOOP_ANALYSIS = YES;
				CLANG_WARN_STRICT_PROTOTYPES = YES;
				CLANG_WARN_SUSPICIOUS_MOVE = YES;
				CLANG_WARN_UNGUARDED_AVAILABILITY = YES_AGGRESSIVE;
				CLANG_WARN_UNREACHABLE_CODE = YES;
				CLANG_WARN__DUPLICATE_METHOD_MATCH = YES;
				COPY_PHASE_STRIP = NO;
				DEAD_CODE_STRIPPING = YES;
				DEBUG_INFORMATION_FORMAT = "dwarf-with-dsym";
				ENABLE_NS_ASSERTIONS = NO;
				ENABLE_STRICT_OBJC_MSGSEND = YES;
				ENABLE_USER_SCRIPT_SANDBOXING = YES;
				GCC_C_LANGUAGE_STANDARD = gnu11;
				GCC_NO_COMMON_BLOCKS = YES;
				GCC_WARN_64_TO_32_BIT_CONVERSION = YES;
				GCC_WARN_ABOUT_RETURN_TYPE = YES_ERROR;
				GCC_WARN_UNDECLARED_SELECTOR = YES;
				GCC_WARN_UNINITIALIZED_AUTOS = YES_AGGRESSIVE;
				GCC_WARN_UNUSED_FUNCTION = YES;
				GCC_WARN_UNUSED_VARIABLE = YES;
				MACOSX_DEPLOYMENT_TARGET = 14.0;
				MTL_ENABLE_DEBUG_INFO = NO;
				MTL_FAST_MATH = YES;
				PRODUCT_NAME = "$(TARGET_NAME)";
				STRING_CATALOG_GENERATE_SYMBOLS = YES;
				SWIFT_COMPILATION_MODE = wholemodule;
				SWIFT_OPTIMIZATION_LEVEL = "-O";
				SWIFT_VERSION = 6.0;
			};
			name = Release;
		};
		F431FA49D48E7CC2ADE70326 /* Debug */ = {
			isa = XCBuildConfiguration;
			buildSettings = {
				BUNDLE_LOADER = "$(TEST_HOST)";
				CODE_SIGN_STYLE = Automatic;
				COMBINE_HIDPI_IMAGES = YES;
				DEAD_CODE_STRIPPING = YES;
				DEVELOPMENT_TEAM = KLU8GF65GP;
				GENERATE_INFOPLIST_FILE = YES;
				LD_RUNPATH_SEARCH_PATHS = (
					"$(inherited)",
					"@executable_path/../Frameworks",
					"@loader_path/../Frameworks",
				);
				MACOSX_DEPLOYMENT_TARGET = 14.0;
				SDKROOT = macosx;
				TEST_HOST = "$(BUILT_PRODUCTS_DIR)/CodexSilo.app/Contents/MacOS/CodexSilo";
			};
			name = Debug;
		};
/* End XCBuildConfiguration section */

/* Begin XCConfigurationList section */
		4866ECE00666C9CD90B9649C /* Build configuration list for PBXNativeTarget "CodexSilo" */ = {
			isa = XCConfigurationList;
			buildConfigurations = (
				3FA9C1CC8AF190BFB35AEB0D /* Debug */,
				0C82CBDFE86F63E9A883DAF5 /* Release */,
			);
			defaultConfigurationIsVisible = 0;
			defaultConfigurationName = Debug;
		};
		5C39D8900AF171AF4FE72248 /* Build configuration list for PBXProject "CodexSilo" */ = {
			isa = XCConfigurationList;
			buildConfigurations = (
				AF366B1F672352A236576205 /* Debug */,
				C4C19FD69ACC8FE9C3260439 /* Release */,
			);
			defaultConfigurationIsVisible = 0;
			defaultConfigurationName = Debug;
		};
		E83C33B36F807C0A2EE9404F /* Build configuration list for PBXNativeTarget "CodexSiloTests" */ = {
			isa = XCConfigurationList;
			buildConfigurations = (
				F431FA49D48E7CC2ADE70326 /* Debug */,
				48DD91B58CAE188E9436240D /* Release */,
			);
			defaultConfigurationIsVisible = 0;
			defaultConfigurationName = Debug;
		};
/* End XCConfigurationList section */
	};
	rootObject = 1C9F670E75F4E6A54634D42A /* Project object */;
}
